
Microsoft Visual Studio Solution File, Format Version 11.00
# Visual Studio 2010
Project("{FAE04EC0-301F-11D3-BF4B-00C04F79EFBC}") = "Dicom", "DICOM\Dicom\Dicom.csproj", "{1EFC91C4-EEF8-4AE4-B512-24C00CA46D59}"
EndProject
Project("{FAE04EC0-301F-11D3-BF4B-00C04F79EFBC}") = "DICOM Print SCP", "DICOM Print SCP\DICOM Print SCP.csproj", "{712032DE-DB4A-4669-A7B3-C6534B75B9BB}"
EndProject
Global
	GlobalSection(SolutionConfigurationPlatforms) = preSolution
		Debug|Any CPU = Debug|Any CPU
		Release|Any CPU = Release|Any CPU
	EndGlobalSection
	GlobalSection(ProjectConfigurationPlatforms) = postSolution
		{1EFC91C4-EEF8-4AE4-B512-24C00CA46D59}.Debug|Any CPU.ActiveCfg = Debug|Any CPU
		{1EFC91C4-EEF8-4AE4-B512-24C00CA46D59}.Debug|Any CPU.Build.0 = Debug|Any CPU
		{1EFC91C4-EEF8-4AE4-B512-24C00CA46D59}.Release|Any CPU.ActiveCfg = Release|Any CPU
		{1EFC91C4-EEF8-4AE4-B512-24C00CA46D59}.Release|Any CPU.Build.0 = Release|Any CPU
		{712032DE-DB4A-4669-A7B3-C6534B75B9BB}.Debug|Any CPU.ActiveCfg = Debug|Any CPU
		{712032DE-DB4A-4669-A7B3-C6534B75B9BB}.Debug|Any CPU.Build.0 = Debug|Any CPU
		{712032DE-DB4A-4669-A7B3-C6534B75B9BB}.Release|Any CPU.ActiveCfg = Release|Any CPU
		{712032DE-DB4A-4669-A7B3-C6534B75B9BB}.Release|Any CPU.Build.0 = Release|Any CPU
	EndGlobalSection
	GlobalSection(SolutionProperties) = preSolution
		HideSolutionNode = FALSE
	EndGlobalSection
EndGlobal
